
Microsoft Visual Studio Solution File, Format Version 12.00
# Visual Studio Version 16
VisualStudioVersion = 16.0.30114.105
MinimumVisualStudioVersion = 10.0.40219.1
Project("{FAE04EC0-301F-11D3-BF4B-00C04F79EFBC}") = "HelloWorld", "00_HelloWorld\HelloWorld.csproj", "{9A82CF23-1D30-41A9-97B8-C451BCE2D400}"
EndProject
Project("{FAE04EC0-301F-11D3-BF4B-00C04F79EFBC}") = "Variables", "01_Variables\Variables.csproj", "{50CB4488-F650-4184-8BE0-332F7460C018}"
EndProject
Project("{FAE04EC0-301F-11D3-BF4B-00C04F79EFBC}") = "BasicTypes", "02_Types\BasicTypes.csproj", "{0361C854-9EC8-43D9-AF39-1AF921F5FE1D}"
EndProject
Project("{FAE04EC0-301F-11D3-BF4B-00C04F79EFBC}") = "Operators", "03_Operators\Operators.csproj", "{6C054295-5B1A-46E2-82C1-1722D14D7676}"
EndProject
Project("{FAE04EC0-301F-11D3-BF4B-00C04F79EFBC}") = "Strings", "04_Strings\Strings.csproj", "{41506D99-8F2A-4066-ABE6-99AF82664C40}"
EndProject
Project("{FAE04EC0-301F-11D3-BF4B-00C04F79EFBC}") = "TypeChallenges", "02_Type_Challenges\TypeChallenges.csproj", "{7C266B85-5574-435B-AFFE-80258CE3BDEC}"
EndProject
Project("{2150E333-8FDC-42A3-9474-1A3956D46DE8}") = "06_Conditionals", "06_Conditionals", "{B529705F-3585-4139-B1D7-10FDCB8E06EC}"
EndProject
Project("{FAE04EC0-301F-11D3-BF4B-00C04F79EFBC}") = "Switches", "06_Conditionals\Switches\Switches.csproj", "{50BCC1A1-B360-4725-B68C-FBE18723FC8A}"
EndProject
Project("{FAE04EC0-301F-11D3-BF4B-00C04F79EFBC}") = "IfStatements", "06_Conditionals\IfStatements\IfStatements.csproj", "{8FC2E089-C248-419B-A897-7E80E2E6F673}"
EndProject
Project("{FAE04EC0-301F-11D3-BF4B-00C04F79EFBC}") = "Ternaries", "06_Conditionals\Ternaries\Ternaries.csproj", "{CC644A99-B666-4B66-AA3C-B4140DC72F92}"
EndProject
Project("{FAE04EC0-301F-11D3-BF4B-00C04F79EFBC}") = "Challenges", "Feb4Challenges\Challenges.csproj", "{597C5CE8-4911-4FD5-B7DF-A74D9D735BD6}"
EndProject
Global
	GlobalSection(SolutionConfigurationPlatforms) = preSolution
		Debug|Any CPU = Debug|Any CPU
		Release|Any CPU = Release|Any CPU
	EndGlobalSection
	GlobalSection(SolutionProperties) = preSolution
		HideSolutionNode = FALSE
	EndGlobalSection
	GlobalSection(ProjectConfigurationPlatforms) = postSolution
		{9A82CF23-1D30-41A9-97B8-C451BCE2D400}.Debug|Any CPU.ActiveCfg = Debug|Any CPU
		{9A82CF23-1D30-41A9-97B8-C451BCE2D400}.Debug|Any CPU.Build.0 = Debug|Any CPU
		{9A82CF23-1D30-41A9-97B8-C451BCE2D400}.Release|Any CPU.ActiveCfg = Release|Any CPU
		{9A82CF23-1D30-41A9-97B8-C451BCE2D400}.Release|Any CPU.Build.0 = Release|Any CPU
		{50CB4488-F650-4184-8BE0-332F7460C018}.Debug|Any CPU.ActiveCfg = Debug|Any CPU
		{50CB4488-F650-4184-8BE0-332F7460C018}.Debug|Any CPU.Build.0 = Debug|Any CPU
		{50CB4488-F650-4184-8BE0-332F7460C018}.Release|Any CPU.ActiveCfg = Release|Any CPU
		{50CB4488-F650-4184-8BE0-332F7460C018}.Release|Any CPU.Build.0 = Release|Any CPU
		{0361C854-9EC8-43D9-AF39-1AF921F5FE1D}.Debug|Any CPU.ActiveCfg = Debug|Any CPU
		{0361C854-9EC8-43D9-AF39-1AF921F5FE1D}.Debug|Any CPU.Build.0 = Debug|Any CPU
		{0361C854-9EC8-43D9-AF39-1AF921F5FE1D}.Release|Any CPU.ActiveCfg = Release|Any CPU
		{0361C854-9EC8-43D9-AF39-1AF921F5FE1D}.Release|Any CPU.Build.0 = Release|Any CPU
		{6C054295-5B1A-46E2-82C1-1722D14D7676}.Debug|Any CPU.ActiveCfg = Debug|Any CPU
		{6C054295-5B1A-46E2-82C1-1722D14D7676}.Debug|Any CPU.Build.0 = Debug|Any CPU
		{6C054295-5B1A-46E2-82C1-1722D14D7676}.Release|Any CPU.ActiveCfg = Release|Any CPU
		{6C054295-5B1A-46E2-82C1-1722D14D7676}.Release|Any CPU.Build.0 = Release|Any CPU
		{41506D99-8F2A-4066-ABE6-99AF82664C40}.Debug|Any CPU.ActiveCfg = Debug|Any CPU
		{41506D99-8F2A-4066-ABE6-99AF82664C40}.Debug|Any CPU.Build.0 = Debug|Any CPU
		{41506D99-8F2A-4066-ABE6-99AF82664C40}.Release|Any CPU.ActiveCfg = Release|Any CPU
		{41506D99-8F2A-4066-ABE6-99AF82664C40}.Release|Any CPU.Build.0 = Release|Any CPU
		{7C266B85-5574-435B-AFFE-80258CE3BDEC}.Debug|Any CPU.ActiveCfg = Debug|Any CPU
		{7C266B85-5574-435B-AFFE-80258CE3BDEC}.Debug|Any CPU.Build.0 = Debug|Any CPU
		{7C266B85-5574-435B-AFFE-80258CE3BDEC}.Release|Any CPU.ActiveCfg = Release|Any CPU
		{7C266B85-5574-435B-AFFE-80258CE3BDEC}.Release|Any CPU.Build.0 = Release|Any CPU
		{50BCC1A1-B360-4725-B68C-FBE18723FC8A}.Debug|Any CPU.ActiveCfg = Debug|Any CPU
		{50BCC1A1-B360-4725-B68C-FBE18723FC8A}.Debug|Any CPU.Build.0 = Debug|Any CPU
		{50BCC1A1-B360-4725-B68C-FBE18723FC8A}.Release|Any CPU.ActiveCfg = Release|Any CPU
		{50BCC1A1-B360-4725-B68C-FBE18723FC8A}.Release|Any CPU.Build.0 = Release|Any CPU
		{8FC2E089-C248-419B-A897-7E80E2E6F673}.Debug|Any CPU.ActiveCfg = Debug|Any CPU
		{8FC2E089-C248-419B-A897-7E80E2E6F673}.Debug|Any CPU.Build.0 = Debug|Any CPU
		{8FC2E089-C248-419B-A897-7E80E2E6F673}.Release|Any CPU.ActiveCfg = Release|Any CPU
		{8FC2E089-C248-419B-A897-7E80E2E6F673}.Release|Any CPU.Build.0 = Release|Any CPU
		{CC644A99-B666-4B66-AA3C-B4140DC72F92}.Debug|Any CPU.ActiveCfg = Debug|Any CPU
		{CC644A99-B666-4B66-AA3C-B4140DC72F92}.Debug|Any CPU.Build.0 = Debug|Any CPU
		{CC644A99-B666-4B66-AA3C-B4140DC72F92}.Release|Any CPU.ActiveCfg = Release|Any CPU
		{CC644A99-B666-4B66-AA3C-B4140DC72F92}.Release|Any CPU.Build.0 = Release|Any CPU
		{597C5CE8-4911-4FD5-B7DF-A74D9D735BD6}.Debug|Any CPU.ActiveCfg = Debug|Any CPU
		{597C5CE8-4911-4FD5-B7DF-A74D9D735BD6}.Debug|Any CPU.Build.0 = Debug|Any CPU
		{597C5CE8-4911-4FD5-B7DF-A74D9D735BD6}.Release|Any CPU.ActiveCfg = Release|Any CPU
		{597C5CE8-4911-4FD5-B7DF-A74D9D735BD6}.Release|Any CPU.Build.0 = Release|Any CPU
	EndGlobalSection
	GlobalSection(NestedProjects) = preSolution
		{50BCC1A1-B360-4725-B68C-FBE18723FC8A} = {B529705F-3585-4139-B1D7-10FDCB8E06EC}
		{8FC2E089-C248-419B-A897-7E80E2E6F673} = {B529705F-3585-4139-B1D7-10FDCB8E06EC}
		{CC644A99-B666-4B66-AA3C-B4140DC72F92} = {B529705F-3585-4139-B1D7-10FDCB8E06EC}
	EndGlobalSection
EndGlobal
